#MicroXplorer Configuration settings - do not modify
Mcu.Family=STM32F4
ProjectManager.MainLocation=Core/Src
PH0-OSC_IN.Signal=RCC_OSC_IN
PE14.GPIO_Speed=GPIO_SPEED_FREQ_VERY_HIGH
RCC.CortexFreq_Value=168000000
ProjectManager.KeepUserCode=true
PB10.GPIO_Speed=GPIO_SPEED_FREQ_VERY_HIGH
PE11.GPIOParameters=GPIO_Speed,GPIO_Label
Mcu.UserName=STM32F407VGTx
PE11.GPIO_Label=SENSOR4
RCC.PLLCLKFreq_Value=168000000
VP_IWDG_VS_IWDG.Mode=IWDG_Activate
RCC.PLLQCLKFreq_Value=84000000
ProjectManager.functionlistsort=1-MX_GPIO_Init-GPIO-false-HAL-true,2-SystemClock_Config-RCC-false-HAL-false,3-MX_IWDG_Init-IWDG-false-HAL-true,4-MX_USART1_UART_Init-USART1-false-HAL-true
PE2.GPIO_Speed=GPIO_SPEED_FREQ_VERY_HIGH
PE9.GPIO_Speed=GPIO_SPEED_FREQ_VERY_HIGH
RCC.RTCFreq_Value=32000
PD2.GPIO_Speed=GPIO_SPEED_FREQ_VERY_HIGH
PB0.GPIO_Label=HC595_OE
PD2.Locked=true
PD2.GPIOParameters=GPIO_Speed,PinState,GPIO_Label
USART1.IPParameters=VirtualMode
PinOutPanel.RotationAngle=0
RCC.SYSCLKSource=RCC_SYSCLKSOURCE_PLLCLK
ProjectManager.StackSize=0x400
Mcu.IP4=USART1
RCC.FCLKCortexFreq_Value=168000000
NVIC.SVCall_IRQn=true\:0\:0\:false\:false\:true\:false\:false
Mcu.IP2=RCC
Mcu.IP3=SYS
Mcu.IP0=IWDG
Mcu.IP1=NVIC
Mcu.UserConstants=
PB0.PinState=GPIO_PIN_SET
Mcu.ThirdPartyNb=0
RCC.HCLKFreq_Value=168000000
Mcu.IPNb=5
RCC.I2SClocksFreq_Value=192000000
ProjectManager.PreviousToolchain=
RCC.APB2TimFreq_Value=168000000
RCC.VcooutputI2S=192000000
Mcu.Pin6=PE8
Mcu.Pin7=PE9
Mcu.Pin8=PE10
PE10.Locked=true
Mcu.Pin9=PE11
RCC.AHBFreq_Value=168000000
PH0-OSC_IN.Mode=HSE-External-Oscillator
Mcu.Pin0=PE2
Mcu.Pin1=PH0-OSC_IN
PE14.Locked=true
GPIO.groupedBy=Group By Peripherals
Mcu.Pin2=PH1-OSC_OUT
Mcu.Pin3=PB0
Mcu.Pin4=PB1
Mcu.Pin5=PE7
ProjectManager.ProjectBuild=false
RCC.HSE_VALUE=8000000
NVIC.UsageFault_IRQn=true\:0\:0\:false\:false\:true\:false\:false
NVIC.DebugMonitor_IRQn=true\:0\:0\:false\:false\:true\:false\:false
NVIC.SysTick_IRQn=true\:0\:0\:false\:false\:true\:false\:true
ProjectManager.FirmwarePackage=STM32Cube FW_F4 V1.26.1
MxDb.Version=DB.6.0.21
PE15.Locked=true
PB0.GPIOParameters=GPIO_Speed,PinState,GPIO_Label
PE0.GPIOParameters=GPIO_Speed,GPIO_Label
PE13.Signal=GPIO_Output
ProjectManager.BackupPrevious=false
RCC.VCOInputFreq_Value=2000000
PE9.Signal=GPIO_Output
PB1.GPIO_Speed=GPIO_SPEED_FREQ_VERY_HIGH
PE8.Locked=true
PE9.Locked=true
PB1.GPIO_Label=HC595_LAT
File.Version=6
PE2.Signal=GPIO_Output
PB8.Locked=true
NVIC.PendSV_IRQn=true\:0\:0\:false\:false\:true\:false\:false
PE10.GPIO_Speed=GPIO_SPEED_FREQ_VERY_HIGH
PE10.Signal=GPIO_Output
ProjectManager.HalAssertFull=false
PB0.Locked=true
ProjectManager.ProjectName=Datalogger2039_DS18B20_Test
PH1-OSC_OUT.Mode=HSE-External-Oscillator
RCC.MCO2PinFreq_Value=168000000
Mcu.Package=LQFP100
PB1.Signal=GPIO_Output
PE10.GPIOParameters=GPIO_Speed,GPIO_Label
ProjectManager.ToolChainLocation=
RCC.LSI_VALUE=32000
VP_SYS_VS_Systick.Signal=SYS_VS_Systick
PA10.Signal=USART1_RX
PE12.GPIO_Label=SENSOR5
PE12.GPIO_Speed=GPIO_SPEED_FREQ_VERY_HIGH
PE0.GPIO_Label=LED2
PE8.GPIO_Speed=GPIO_SPEED_FREQ_VERY_HIGH
RCC.APB2CLKDivider=RCC_HCLK_DIV2
RCC.APB1TimFreq_Value=84000000
NVIC.BusFault_IRQn=true\:0\:0\:false\:false\:true\:false\:false
PB10.GPIOParameters=GPIO_Speed,GPIO_Label
PE7.Signal=GPIO_Output
NVIC.USART1_IRQn=true\:0\:0\:false\:false\:true\:true\:true
PE10.GPIO_Label=SENSOR3
PE12.Locked=true
PE2.GPIO_Label=BUZZER
ProjectManager.CustomerFirmwarePackage=
RCC.PLLSourceVirtual=RCC_PLLSOURCE_HSE
ProjectManager.ProjectFileName=Datalogger2039_DS18B20_Test.ioc
PE8.GPIOParameters=GPIO_Speed,GPIO_Label
PB8.GPIOParameters=GPIO_Speed,GPIO_Label
PE14.GPIOParameters=GPIO_Speed,GPIO_Label
PA10.Mode=Asynchronous
Mcu.PinsNb=22
ProjectManager.NoMain=false
PE11.GPIO_Speed=GPIO_SPEED_FREQ_VERY_HIGH
ProjectManager.DefaultFWLocation=true
PE14.GPIO_Label=SENSOR7
ProjectManager.DeletePrevious=true
RCC.APB1CLKDivider=RCC_HCLK_DIV4
PB10.Locked=true
RCC.FamilyName=M
PE9.GPIOParameters=GPIO_Speed,GPIO_Label
PE15.GPIOParameters=GPIO_Speed,GPIO_Label
PB0.GPIO_Speed=GPIO_SPEED_FREQ_VERY_HIGH
PE0.GPIO_Speed=GPIO_SPEED_FREQ_VERY_HIGH
PB8.GPIO_Label=HC595_CLK
PA9.Mode=Asynchronous
PE15.GPIO_Label=SENSOR8
ProjectManager.TargetToolchain=STM32CubeIDE
PB10.GPIO_Label=HC595_DAT
PE7.GPIOParameters=GPIO_Speed,GPIO_Label
PE8.GPIO_Label=SENSOR1
PA9.Signal=USART1_TX
PE2.GPIOParameters=GPIO_Speed,GPIO_Label
ProjectManager.RegisterCallBack=
PE0.Locked=true
PE11.Signal=GPIO_Output
RCC.LSE_VALUE=32768
PE9.GPIO_Label=SENSOR2
PB1.Locked=true
PB10.Signal=GPIO_Output
RCC.VCOI2SOutputFreq_Value=384000000
PE13.GPIOParameters=GPIO_Speed,GPIO_Label
PD2.PinState=GPIO_PIN_SET
board=custom
RCC.VCOOutputFreq_Value=336000000
ProjectManager.LastFirmware=true
PE7.GPIO_Speed=GPIO_SPEED_FREQ_VERY_HIGH
RCC.APB2Freq_Value=84000000
PE14.Signal=GPIO_Output
PE15.Signal=GPIO_Output
MxCube.Version=6.2.1
PE8.Signal=GPIO_Output
VP_SYS_VS_Systick.Mode=SysTick
RCC.EthernetFreq_Value=168000000
PH1-OSC_OUT.Signal=RCC_OSC_OUT
NVIC.NonMaskableInt_IRQn=true\:0\:0\:false\:false\:true\:false\:false
PE7.Locked=true
ProjectManager.FreePins=false
RCC.IPParameters=48MHZClocksFreq_Value,AHBFreq_Value,APB1CLKDivider,APB1Freq_Value,APB1TimFreq_Value,APB2CLKDivider,APB2Freq_Value,APB2TimFreq_Value,CortexFreq_Value,EthernetFreq_Value,FCLKCortexFreq_Value,FamilyName,HCLKFreq_Value,HSE_VALUE,HSI_VALUE,I2SClocksFreq_Value,LSE_VALUE,LSI_VALUE,MCO2PinFreq_Value,PLLCLKFreq_Value,PLLM,PLLN,PLLQCLKFreq_Value,PLLSourceVirtual,RTCFreq_Value,RTCHSEDivFreq_Value,SYSCLKFreq_VALUE,SYSCLKSource,VCOI2SOutputFreq_Value,VCOInputFreq_Value,VCOOutputFreq_Value,VcooutputI2S
PE11.Locked=true
IWDG.IPParameters=Prescaler
ProjectManager.AskForMigrate=true
Mcu.Name=STM32F407V(E-G)Tx
PE0.Signal=GPIO_Output
PE7.GPIO_Label=SENSOR_PWR
PE12.Signal=GPIO_Output
RCC.RTCHSEDivFreq_Value=4000000
ProjectManager.UnderRoot=true
PE13.Locked=true
ProjectManager.CoupleFile=false
RCC.48MHZClocksFreq_Value=84000000
RCC.SYSCLKFreq_VALUE=168000000
Mcu.Pin20=VP_IWDG_VS_IWDG
PE13.GPIO_Label=SENSOR6
Mcu.Pin21=VP_SYS_VS_Systick
NVIC.ForceEnableDMAVector=true
KeepUserPlacement=false
NVIC.MemoryManagement_IRQn=true\:0\:0\:false\:false\:true\:false\:false
USART1.VirtualMode=VM_ASYNC
ProjectManager.CompilerOptimize=6
VP_IWDG_VS_IWDG.Signal=IWDG_VS_IWDG
ProjectManager.HeapSize=0x200
Mcu.Pin15=PA9
NVIC.HardFault_IRQn=true\:0\:0\:false\:false\:true\:false\:false
Mcu.Pin16=PA10
Mcu.Pin13=PE15
Mcu.Pin14=PB10
Mcu.Pin19=PE0
ProjectManager.ComputerToolchain=false
Mcu.Pin17=PD2
RCC.HSI_VALUE=16000000
Mcu.Pin18=PB8
NVIC.PriorityGroup=NVIC_PRIORITYGROUP_4
Mcu.Pin11=PE13
Mcu.Pin12=PE14
PE15.GPIO_Speed=GPIO_SPEED_FREQ_VERY_HIGH
RCC.PLLM=4
RCC.PLLN=168
Mcu.Pin10=PE12
IWDG.Prescaler=IWDG_PRESCALER_32
PE13.GPIO_Speed=GPIO_SPEED_FREQ_VERY_HIGH
PE2.Locked=true
PB8.Signal=GPIO_Output
PE12.GPIOParameters=GPIO_Speed,GPIO_Label
PD2.Signal=GPIO_Output
RCC.APB1Freq_Value=42000000
PB8.GPIO_Speed=GPIO_SPEED_FREQ_VERY_HIGH
PB0.Signal=GPIO_Output
ProjectManager.DeviceId=STM32F407VGTx
PD2.GPIO_Label=UC_PWR
ProjectManager.LibraryCopy=1
PB1.GPIOParameters=GPIO_Speed,GPIO_Label
isbadioc=false
