#MicroXplorer Configuration settings - do not modify
Mcu.Family=STM32F4
USB_OTG_HS.VirtualMode-Host_FS=Host_FS
NVIC.OTG_HS_IRQn=true\:0\:0\:false\:false\:true\:false\:true
ProjectManager.MainLocation=Core/Src
PH0-OSC_IN.Signal=RCC_OSC_IN
RCC.CortexFreq_Value=168000000
ProjectManager.KeepUserCode=true
Mcu.UserName=STM32F407VGTx
PD9.GPIOParameters=GPIO_Label
SH.GPXTI9.0=GPIO_EXTI9
RCC.PLLCLKFreq_Value=168000000
RCC.PLLQCLKFreq_Value=48000000
ProjectManager.functionlistsort=1-MX_GPIO_Init-GPIO-false-HAL-true,2-SystemClock_Config-RCC-false-HAL-false,3-MX_USART1_UART_Init-USART1-false-HAL-true,4-MX_USB_HOST_Init-USB_HOST-false-HAL-false,5-MX_FATFS_Init-FATFS-false-HAL-false
PE2.GPIO_Speed=GPIO_SPEED_FREQ_VERY_HIGH
PD8.Locked=true
USB_HOST0.BSP.condition=
RCC.RTCFreq_Value=32000
PD2.GPIO_Speed=GPIO_SPEED_FREQ_VERY_HIGH
PD2.Locked=true
PD2.GPIOParameters=GPIO_Speed,PinState,GPIO_Label
USART1.IPParameters=VirtualMode
PB15.Signal=USB_OTG_HS_DP
PinOutPanel.RotationAngle=0
RCC.SYSCLKSource=RCC_SYSCLKSOURCE_PLLCLK
ProjectManager.StackSize=0x2000
Mcu.IP4=USART1
RCC.FCLKCortexFreq_Value=168000000
Mcu.IP5=USB_HOST
NVIC.SVCall_IRQn=true\:0\:0\:false\:false\:true\:false\:false
Mcu.IP2=RCC
Mcu.IP3=SYS
Mcu.IP0=FATFS
Mcu.IP1=NVIC
PD15.GPIOParameters=GPIO_Label
Mcu.UserConstants=
Mcu.ThirdPartyNb=0
RCC.HCLKFreq_Value=168000000
PD11.GPIO_Label=BUTTON1
Mcu.IPNb=7
RCC.I2SClocksFreq_Value=192000000
ProjectManager.PreviousToolchain=
RCC.APB2TimFreq_Value=168000000
RCC.VcooutputI2S=192000000
USB_HOST0.BSP.component=
PD8.GPIOParameters=GPIO_Speed,GPIO_Label
Mcu.Pin6=PD8
Mcu.Pin7=PD9
PD8.Signal=GPIO_Output
Mcu.Pin8=PD11
Mcu.Pin9=PD15
USB_HOST0.BSP.ip=GPIO
RCC.AHBFreq_Value=168000000
PH0-OSC_IN.Mode=HSE-External-Oscillator
Mcu.Pin0=PE2
PE3.PinState=GPIO_PIN_SET
Mcu.Pin1=PE3
GPIO.groupedBy=Group By Peripherals
Mcu.Pin2=PH0-OSC_IN
Mcu.Pin3=PH1-OSC_OUT
NVIC.EXTI15_10_IRQn=true\:0\:0\:false\:false\:true\:true\:true
Mcu.Pin4=PB14
Mcu.Pin5=PB15
ProjectManager.ProjectBuild=false
RCC.HSE_VALUE=8000000
NVIC.UsageFault_IRQn=true\:0\:0\:false\:false\:true\:false\:false
NVIC.DebugMonitor_IRQn=true\:0\:0\:false\:false\:true\:false\:false
NVIC.SysTick_IRQn=true\:0\:0\:false\:false\:true\:false\:true
ProjectManager.FirmwarePackage=STM32Cube FW_F4 V1.26.1
MxDb.Version=DB.6.0.21
PE0.GPIOParameters=GPIO_Speed,PinState,GPIO_Label
ProjectManager.BackupPrevious=false
RCC.VCOInputFreq_Value=2000000
PB14.Mode=Host_FS
File.Version=6
PE3.GPIOParameters=GPIO_Speed,PinState,GPIO_Label
PE2.Signal=GPIO_Output
PE3.Locked=true
SH.GPXTI11.ConfNb=1
NVIC.PendSV_IRQn=true\:0\:0\:false\:false\:true\:false\:false
USB_OTG_HS.IPParameters=VirtualMode-Host_FS
USB_HOST0.BSP.i2creg=
ProjectManager.HalAssertFull=false
ProjectManager.ProjectName=Datalogger2039_USB_Host_MSC
PH1-OSC_OUT.Mode=HSE-External-Oscillator
RCC.MCO2PinFreq_Value=168000000
USB_HOST0.BSP.i2caddr=0
Mcu.Package=LQFP100
SH.GPXTI11.0=GPIO_EXTI11
PD11.Locked=true
ProjectManager.ToolChainLocation=
RCC.LSI_VALUE=32000
VP_SYS_VS_Systick.Signal=SYS_VS_Systick
PA10.Signal=USART1_RX
PE0.GPIO_Label=LED2
VP_FATFS_VS_USB.Signal=FATFS_VS_USB
USB_HOST0.BSP.name=Drive_VBUS_HS
RCC.APB2CLKDivider=RCC_HCLK_DIV2
RCC.APB1TimFreq_Value=84000000
NVIC.BusFault_IRQn=true\:0\:0\:false\:false\:true\:false\:false
PE2.GPIO_Label=BUZZER
PD15.Signal=GPXTI15
ProjectManager.CustomerFirmwarePackage=
USB_HOST.IPParameters=USBH_HandleTypeDef-MSC_HS,VirtualModeHS,USBH_DEBUG_LEVEL-MSC_HS
ProjectManager.ProjectFileName=Datalogger2039_USB_Host_MSC.ioc
PD15.GPIO_Label=BUTTON2
PD9.GPIO_Label=USB_HS_OC
PA10.Mode=Asynchronous
Mcu.PinsNb=17
ProjectManager.NoMain=false
USB_HOST0.BSP.solution=PD8
USB_HOST.BSP.number=1
ProjectManager.DefaultFWLocation=true
PD9.Signal=GPXTI9
ProjectManager.DeletePrevious=true
RCC.APB1CLKDivider=RCC_HCLK_DIV4
RCC.FamilyName=M
PD8.GPIO_Label=USB_HS_PWR
USB_HOST0.BSP.semaphore=
PE0.GPIO_Speed=GPIO_SPEED_FREQ_VERY_HIGH
USB_HOST0.BSP.STBoard=false
PE0.PinState=GPIO_PIN_SET
PA9.Mode=Asynchronous
VP_USB_HOST_VS_USB_HOST_MSC_HS.Signal=USB_HOST_VS_USB_HOST_MSC_HS
ProjectManager.TargetToolchain=STM32CubeIDE
USB_HOST.VirtualModeHS=Msc
PA9.Signal=USART1_TX
PE2.GPIOParameters=GPIO_Speed,GPIO_Label
ProjectManager.RegisterCallBack=
PE0.Locked=true
RCC.LSE_VALUE=32768
RCC.VCOI2SOutputFreq_Value=384000000
PB14.Signal=USB_OTG_HS_DM
PD2.PinState=GPIO_PIN_SET
board=custom
RCC.VCOOutputFreq_Value=336000000
ProjectManager.LastFirmware=true
PB15.Mode=Host_FS
PD11.GPIOParameters=GPIO_Label
RCC.APB2Freq_Value=84000000
USB_HOST0.BSP.api=Unknown
MxCube.Version=6.2.1
VP_SYS_VS_Systick.Mode=SysTick
RCC.EthernetFreq_Value=168000000
PH1-OSC_OUT.Signal=RCC_OSC_OUT
NVIC.NonMaskableInt_IRQn=true\:0\:0\:false\:false\:true\:false\:false
USB_HOST.USBH_DEBUG_LEVEL-MSC_HS=3
ProjectManager.FreePins=false
RCC.IPParameters=48MHZClocksFreq_Value,AHBFreq_Value,APB1CLKDivider,APB1Freq_Value,APB1TimFreq_Value,APB2CLKDivider,APB2Freq_Value,APB2TimFreq_Value,CortexFreq_Value,EthernetFreq_Value,FCLKCortexFreq_Value,FamilyName,HCLKFreq_Value,HSE_VALUE,HSI_VALUE,I2SClocksFreq_Value,LSE_VALUE,LSI_VALUE,MCO2PinFreq_Value,PLLCLKFreq_Value,PLLM,PLLN,PLLQ,PLLQCLKFreq_Value,RTCFreq_Value,RTCHSEDivFreq_Value,SYSCLKFreq_VALUE,SYSCLKSource,VCOI2SOutputFreq_Value,VCOInputFreq_Value,VCOOutputFreq_Value,VcooutputI2S
ProjectManager.AskForMigrate=true
Mcu.Name=STM32F407V(E-G)Tx
PE0.Signal=GPIO_Output
RCC.RTCHSEDivFreq_Value=4000000
ProjectManager.UnderRoot=true
Mcu.IP6=USB_OTG_HS
ProjectManager.CoupleFile=false
RCC.48MHZClocksFreq_Value=48000000
RCC.SYSCLKFreq_VALUE=168000000
NVIC.ForceEnableDMAVector=true
KeepUserPlacement=false
PE3.GPIO_Speed=GPIO_SPEED_FREQ_VERY_HIGH
PD11.Signal=GPXTI11
NVIC.MemoryManagement_IRQn=true\:0\:0\:false\:false\:true\:false\:false
USART1.VirtualMode=VM_ASYNC
ProjectManager.CompilerOptimize=6
PD15.Locked=true
SH.GPXTI9.ConfNb=1
NVIC.EXTI9_5_IRQn=true\:0\:0\:false\:false\:true\:true\:true
ProjectManager.HeapSize=0x2000
Mcu.Pin15=VP_SYS_VS_Systick
NVIC.HardFault_IRQn=true\:0\:0\:false\:false\:true\:false\:false
Mcu.Pin16=VP_USB_HOST_VS_USB_HOST_MSC_HS
Mcu.Pin13=PE0
Mcu.Pin14=VP_FATFS_VS_USB
VP_FATFS_VS_USB.Mode=USB
SH.GPXTI15.ConfNb=1
ProjectManager.ComputerToolchain=false
RCC.HSI_VALUE=16000000
PD8.GPIO_Speed=GPIO_SPEED_FREQ_VERY_HIGH
RCC.PLLQ=7
NVIC.PriorityGroup=NVIC_PRIORITYGROUP_4
SH.GPXTI15.0=GPIO_EXTI15
Mcu.Pin11=PA10
Mcu.Pin12=PD2
RCC.PLLM=4
RCC.PLLN=168
Mcu.Pin10=PA9
PE2.Locked=true
PE3.Signal=GPIO_Output
PE3.GPIO_Label=DC_DC_ON
PD2.Signal=GPIO_Output
VP_USB_HOST_VS_USB_HOST_MSC_HS.Mode=MSC_HS
PD9.Locked=true
RCC.APB1Freq_Value=42000000
USB_HOST0.BSP.mode=Output
ProjectManager.DeviceId=STM32F407VGTx
PD2.GPIO_Label=UC_PWR
USB_HOST.USBH_HandleTypeDef-MSC_HS=hUsbHostHS
ProjectManager.LibraryCopy=1
USB_HOST0.BSP.instance=PD8
isbadioc=false
