#MicroXplorer Configuration settings - do not modify
Mcu.Family=STM32F4
RCC.PLLSourceVirtual=RCC_PLLSOURCE_HSE
ProjectManager.MainLocation=Core/Src
PD12.GPIO_Label=RTC_INT_STATE
ProjectManager.ProjectFileName=Datalogger2039_DS3231_Test.ioc
PH0-OSC_IN.Signal=RCC_OSC_IN
RCC.CortexFreq_Value=168000000
ProjectManager.KeepUserCode=true
Mcu.UserName=STM32F407VGTx
PA10.Mode=Asynchronous
Mcu.PinsNb=13
ProjectManager.NoMain=false
RCC.PLLCLKFreq_Value=168000000
RCC.PLLQCLKFreq_Value=84000000
ProjectManager.functionlistsort=1-MX_GPIO_Init-GPIO-false-HAL-true,2-SystemClock_Config-RCC-false-HAL-false,3-MX_I2C1_Init-I2C1-false-HAL-true,4-MX_USART1_UART_Init-USART1-false-HAL-true,5-MX_IWDG_Init-IWDG-false-HAL-true
PE2.GPIO_Speed=GPIO_SPEED_FREQ_VERY_HIGH
PC3.Locked=true
RCC.RTCFreq_Value=32000
PD2.GPIO_Speed=GPIO_SPEED_FREQ_VERY_HIGH
ProjectManager.DefaultFWLocation=true
PD2.Locked=true
PD2.GPIOParameters=GPIO_Speed,PinState,GPIO_Label
ProjectManager.DeletePrevious=true
USART1.IPParameters=VirtualMode
RCC.APB1CLKDivider=RCC_HCLK_DIV4
PinOutPanel.RotationAngle=0
RCC.FamilyName=M
PC3.GPIO_Speed=GPIO_SPEED_FREQ_VERY_HIGH
RCC.SYSCLKSource=RCC_SYSCLKSOURCE_PLLCLK
ProjectManager.StackSize=0x400
PC3.PinState=GPIO_PIN_SET
PD12.Locked=true
PC3.GPIOParameters=GPIO_Speed,PinState,GPIO_Label,GPIO_ModeDefaultOutputPP
PE0.GPIO_Speed=GPIO_SPEED_FREQ_VERY_HIGH
Mcu.IP4=USART1
RCC.FCLKCortexFreq_Value=168000000
I2C1.IPParameters=I2C_Mode
NVIC.SVCall_IRQn=true\:0\:0\:false\:false\:true\:false\:false
Mcu.IP2=RCC
Mcu.IP3=SYS
Mcu.IP0=I2C1
PA9.Mode=Asynchronous
Mcu.IP1=NVIC
Mcu.UserConstants=
PD12.GPIOParameters=GPIO_Label
ProjectManager.TargetToolchain=STM32CubeIDE
I2C1.I2C_Mode=I2C_Fast
Mcu.ThirdPartyNb=0
RCC.HCLKFreq_Value=168000000
Mcu.IPNb=5
RCC.I2SClocksFreq_Value=192000000
ProjectManager.PreviousToolchain=
RCC.APB2TimFreq_Value=168000000
PA9.Signal=USART1_TX
PB6.Signal=I2C1_SCL
RCC.VcooutputI2S=192000000
PB6.Mode=I2C
PC3.Signal=GPIO_Output
Mcu.Pin6=PA10
PE2.GPIOParameters=GPIO_Speed,GPIO_Label
Mcu.Pin7=PD2
ProjectManager.RegisterCallBack=
Mcu.Pin8=PB6
PE0.Locked=true
Mcu.Pin9=PB7
PE1.Signal=GPIO_Output
RCC.LSE_VALUE=32768
RCC.AHBFreq_Value=168000000
PH0-OSC_IN.Mode=HSE-External-Oscillator
Mcu.Pin0=PE2
Mcu.Pin1=PH0-OSC_IN
GPIO.groupedBy=Group By Peripherals
Mcu.Pin2=PH1-OSC_OUT
Mcu.Pin3=PC3
Mcu.Pin4=PD12
RCC.VCOI2SOutputFreq_Value=384000000
Mcu.Pin5=PA9
ProjectManager.ProjectBuild=false
RCC.HSE_VALUE=8000000
NVIC.UsageFault_IRQn=true\:0\:0\:false\:false\:true\:false\:false
PD2.PinState=GPIO_PIN_SET
NVIC.DebugMonitor_IRQn=true\:0\:0\:false\:false\:true\:false\:false
board=custom
RCC.VCOOutputFreq_Value=336000000
PE1.GPIO_Label=RTC_PWR
NVIC.SysTick_IRQn=true\:0\:0\:false\:false\:true\:false\:true
ProjectManager.LastFirmware=true
ProjectManager.FirmwarePackage=STM32Cube FW_F4 V1.26.1
MxDb.Version=DB.6.0.21
RCC.APB2Freq_Value=84000000
PE0.GPIOParameters=GPIO_Speed,GPIO_Label
ProjectManager.BackupPrevious=false
MxCube.Version=6.2.1
RCC.VCOInputFreq_Value=2000000
PE1.GPIO_Speed=GPIO_SPEED_FREQ_VERY_HIGH
File.Version=6
VP_SYS_VS_Systick.Mode=SysTick
RCC.EthernetFreq_Value=168000000
PH1-OSC_OUT.Signal=RCC_OSC_OUT
PE2.Signal=GPIO_Output
PB7.Signal=I2C1_SDA
NVIC.NonMaskableInt_IRQn=true\:0\:0\:false\:false\:true\:false\:false
PE1.Locked=true
NVIC.PendSV_IRQn=true\:0\:0\:false\:false\:true\:false\:false
ProjectManager.FreePins=false
RCC.IPParameters=48MHZClocksFreq_Value,AHBFreq_Value,APB1CLKDivider,APB1Freq_Value,APB1TimFreq_Value,APB2CLKDivider,APB2Freq_Value,APB2TimFreq_Value,CortexFreq_Value,EthernetFreq_Value,FCLKCortexFreq_Value,FamilyName,HCLKFreq_Value,HSE_VALUE,HSI_VALUE,I2SClocksFreq_Value,LSE_VALUE,LSI_VALUE,MCO2PinFreq_Value,PLLCLKFreq_Value,PLLM,PLLN,PLLQCLKFreq_Value,PLLSourceVirtual,RTCFreq_Value,RTCHSEDivFreq_Value,SYSCLKFreq_VALUE,SYSCLKSource,VCOI2SOutputFreq_Value,VCOInputFreq_Value,VCOOutputFreq_Value,VcooutputI2S
ProjectManager.AskForMigrate=true
Mcu.Name=STM32F407V(E-G)Tx
PE0.Signal=GPIO_Output
ProjectManager.HalAssertFull=false
RCC.RTCHSEDivFreq_Value=4000000
ProjectManager.ProjectName=Datalogger2039_DS3231_Test
ProjectManager.UnderRoot=true
ProjectManager.CoupleFile=false
PH1-OSC_OUT.Mode=HSE-External-Oscillator
RCC.48MHZClocksFreq_Value=84000000
RCC.MCO2PinFreq_Value=168000000
RCC.SYSCLKFreq_VALUE=168000000
Mcu.Package=LQFP100
NVIC.ForceEnableDMAVector=true
KeepUserPlacement=false
PD12.Signal=GPIO_Input
NVIC.MemoryManagement_IRQn=true\:0\:0\:false\:false\:true\:false\:false
USART1.VirtualMode=VM_ASYNC
ProjectManager.CompilerOptimize=6
ProjectManager.ToolChainLocation=
RCC.LSI_VALUE=32000
VP_SYS_VS_Systick.Signal=SYS_VS_Systick
PB7.Mode=I2C
PA10.Signal=USART1_RX
ProjectManager.HeapSize=0x200
NVIC.HardFault_IRQn=true\:0\:0\:false\:false\:true\:false\:false
PE0.GPIO_Label=LED2
ProjectManager.ComputerToolchain=false
RCC.HSI_VALUE=16000000
NVIC.PriorityGroup=NVIC_PRIORITYGROUP_4
RCC.APB2CLKDivider=RCC_HCLK_DIV2
Mcu.Pin11=PE1
Mcu.Pin12=VP_SYS_VS_Systick
RCC.PLLM=4
RCC.PLLN=168
Mcu.Pin10=PE0
RCC.APB1TimFreq_Value=84000000
PE2.Locked=true
PC3.GPIO_Label=RTC_RESET
NVIC.BusFault_IRQn=true\:0\:0\:false\:false\:true\:false\:false
PC3.GPIO_ModeDefaultOutputPP=GPIO_MODE_OUTPUT_OD
PD2.Signal=GPIO_Output
RCC.APB1Freq_Value=42000000
PE2.GPIO_Label=BUZZER
ProjectManager.CustomerFirmwarePackage=
ProjectManager.DeviceId=STM32F407VGTx
PD2.GPIO_Label=UC_PWR
ProjectManager.LibraryCopy=1
PE1.GPIOParameters=GPIO_Speed,GPIO_Label
isbadioc=false
