#MicroXplorer Configuration settings - do not modify
Mcu.Family=STM32F4
RCC.PLLSourceVirtual=RCC_PLLSOURCE_HSE
ProjectManager.MainLocation=Core/Src
ProjectManager.ProjectFileName=Datalogger2039_EEPROM_Test.ioc
PH0-OSC_IN.Signal=RCC_OSC_IN
RCC.CortexFreq_Value=168000000
ProjectManager.KeepUserCode=true
Mcu.UserName=STM32F407VGTx
PA10.Mode=Asynchronous
PA15.GPIOParameters=GPIO_Speed,PinState,GPIO_Label
Mcu.PinsNb=15
SPI1.VirtualType=VM_MASTER
ProjectManager.NoMain=false
SPI1.IPParameters=VirtualType,Mode,Direction,CalculateBaudRate
RCC.PLLCLKFreq_Value=168000000
VP_IWDG_VS_IWDG.Mode=IWDG_Activate
RCC.PLLQCLKFreq_Value=84000000
ProjectManager.functionlistsort=1-MX_GPIO_Init-GPIO-false-HAL-true,2-SystemClock_Config-RCC-false-HAL-false,3-MX_IWDG_Init-IWDG-false-HAL-true,4-MX_SPI1_Init-SPI1-false-HAL-true,5-MX_USART1_UART_Init-USART1-false-HAL-true
PE2.GPIO_Speed=GPIO_SPEED_FREQ_VERY_HIGH
PD0.GPIO_Label=FLASH_WP
PD1.Signal=GPIO_Output
RCC.RTCFreq_Value=32000
PD2.GPIO_Speed=GPIO_SPEED_FREQ_VERY_HIGH
ProjectManager.DefaultFWLocation=true
PD0.Locked=true
PD2.Locked=true
PD2.GPIOParameters=GPIO_Speed,PinState,GPIO_Label
ProjectManager.DeletePrevious=true
USART1.IPParameters=VirtualMode
RCC.APB1CLKDivider=RCC_HCLK_DIV4
PinOutPanel.RotationAngle=0
RCC.FamilyName=M
RCC.SYSCLKSource=RCC_SYSCLKSOURCE_PLLCLK
ProjectManager.StackSize=0x400
PD0.GPIO_Speed=GPIO_SPEED_FREQ_VERY_HIGH
PE0.GPIO_Speed=GPIO_SPEED_FREQ_VERY_HIGH
Mcu.IP4=SYS
RCC.FCLKCortexFreq_Value=168000000
Mcu.IP5=USART1
NVIC.SVCall_IRQn=true\:0\:0\:false\:false\:true\:false\:false
Mcu.IP2=RCC
Mcu.IP3=SPI1
PA15.GPIO_Label=FLASH_CS
Mcu.IP0=IWDG
PA15.Locked=true
PA9.Mode=Asynchronous
Mcu.IP1=NVIC
Mcu.UserConstants=
ProjectManager.TargetToolchain=STM32CubeIDE
Mcu.ThirdPartyNb=0
SPI1.Direction=SPI_DIRECTION_2LINES
RCC.HCLKFreq_Value=168000000
Mcu.IPNb=6
RCC.I2SClocksFreq_Value=192000000
ProjectManager.PreviousToolchain=
RCC.APB2TimFreq_Value=168000000
PA9.Signal=USART1_TX
RCC.VcooutputI2S=192000000
PB5.Locked=true
SPI1.CalculateBaudRate=42.0 MBits/s
PD0.Signal=GPIO_Output
Mcu.Pin6=PD0
PE2.GPIOParameters=GPIO_Speed,GPIO_Label
Mcu.Pin7=PD1
ProjectManager.RegisterCallBack=
Mcu.Pin8=PD2
PE0.Locked=true
Mcu.Pin9=PB3
RCC.LSE_VALUE=32768
RCC.AHBFreq_Value=168000000
PH0-OSC_IN.Mode=HSE-External-Oscillator
Mcu.Pin0=PE2
Mcu.Pin1=PH0-OSC_IN
GPIO.groupedBy=Group By Peripherals
Mcu.Pin2=PH1-OSC_OUT
Mcu.Pin3=PA9
Mcu.Pin4=PA10
RCC.VCOI2SOutputFreq_Value=384000000
Mcu.Pin5=PA15
ProjectManager.ProjectBuild=false
RCC.HSE_VALUE=8000000
NVIC.UsageFault_IRQn=true\:0\:0\:false\:false\:true\:false\:false
PD2.PinState=GPIO_PIN_SET
NVIC.DebugMonitor_IRQn=true\:0\:0\:false\:false\:true\:false\:false
PB3.Mode=Full_Duplex_Master
board=custom
RCC.VCOOutputFreq_Value=336000000
PD1.GPIOParameters=GPIO_Speed,GPIO_Label
NVIC.SysTick_IRQn=true\:0\:0\:false\:false\:true\:false\:true
ProjectManager.LastFirmware=true
PD1.GPIO_Label=FLASH_PWR
ProjectManager.FirmwarePackage=STM32Cube FW_F4 V1.26.1
PA15.PinState=GPIO_PIN_SET
MxDb.Version=DB.6.0.21
RCC.APB2Freq_Value=84000000
PE0.GPIOParameters=GPIO_Speed,GPIO_Label
PB4.Mode=Full_Duplex_Master
ProjectManager.BackupPrevious=false
MxCube.Version=6.2.1
RCC.VCOInputFreq_Value=2000000
PD1.GPIO_Speed=GPIO_SPEED_FREQ_VERY_HIGH
SPI1.Mode=SPI_MODE_MASTER
PB5.Mode=Full_Duplex_Master
File.Version=6
VP_SYS_VS_Systick.Mode=SysTick
RCC.EthernetFreq_Value=168000000
PH1-OSC_OUT.Signal=RCC_OSC_OUT
PE2.Signal=GPIO_Output
NVIC.NonMaskableInt_IRQn=true\:0\:0\:false\:false\:true\:false\:false
NVIC.PendSV_IRQn=true\:0\:0\:false\:false\:true\:false\:false
ProjectManager.FreePins=false
RCC.IPParameters=48MHZClocksFreq_Value,AHBFreq_Value,APB1CLKDivider,APB1Freq_Value,APB1TimFreq_Value,APB2CLKDivider,APB2Freq_Value,APB2TimFreq_Value,CortexFreq_Value,EthernetFreq_Value,FCLKCortexFreq_Value,FamilyName,HCLKFreq_Value,HSE_VALUE,HSI_VALUE,I2SClocksFreq_Value,LSE_VALUE,LSI_VALUE,MCO2PinFreq_Value,PLLCLKFreq_Value,PLLM,PLLN,PLLQCLKFreq_Value,PLLSourceVirtual,RTCFreq_Value,RTCHSEDivFreq_Value,SYSCLKFreq_VALUE,SYSCLKSource,VCOI2SOutputFreq_Value,VCOInputFreq_Value,VCOOutputFreq_Value,VcooutputI2S
IWDG.IPParameters=Prescaler
ProjectManager.AskForMigrate=true
Mcu.Name=STM32F407V(E-G)Tx
PE0.Signal=GPIO_Output
ProjectManager.HalAssertFull=false
RCC.RTCHSEDivFreq_Value=4000000
ProjectManager.ProjectName=Datalogger2039_EEPROM_Test
ProjectManager.UnderRoot=true
ProjectManager.CoupleFile=false
PH1-OSC_OUT.Mode=HSE-External-Oscillator
PB4.Locked=true
RCC.48MHZClocksFreq_Value=84000000
RCC.MCO2PinFreq_Value=168000000
PB3.Signal=SPI1_SCK
RCC.SYSCLKFreq_VALUE=168000000
Mcu.Package=LQFP100
PB5.Signal=SPI1_MOSI
NVIC.ForceEnableDMAVector=true
KeepUserPlacement=false
NVIC.MemoryManagement_IRQn=true\:0\:0\:false\:false\:true\:false\:false
USART1.VirtualMode=VM_ASYNC
ProjectManager.CompilerOptimize=6
PA15.GPIO_Speed=GPIO_SPEED_FREQ_VERY_HIGH
ProjectManager.ToolChainLocation=
RCC.LSI_VALUE=32000
VP_SYS_VS_Systick.Signal=SYS_VS_Systick
VP_IWDG_VS_IWDG.Signal=IWDG_VS_IWDG
PA10.Signal=USART1_RX
PA15.Signal=GPIO_Output
ProjectManager.HeapSize=0x200
NVIC.HardFault_IRQn=true\:0\:0\:false\:false\:true\:false\:false
Mcu.Pin13=VP_IWDG_VS_IWDG
Mcu.Pin14=VP_SYS_VS_Systick
PE0.GPIO_Label=LED2
ProjectManager.ComputerToolchain=false
RCC.HSI_VALUE=16000000
NVIC.PriorityGroup=NVIC_PRIORITYGROUP_4
RCC.APB2CLKDivider=RCC_HCLK_DIV2
Mcu.Pin11=PB5
PD0.GPIOParameters=GPIO_Speed,GPIO_Label
Mcu.Pin12=PE0
RCC.PLLM=4
RCC.PLLN=168
Mcu.Pin10=PB4
IWDG.Prescaler=IWDG_PRESCALER_32
RCC.APB1TimFreq_Value=84000000
PE2.Locked=true
NVIC.BusFault_IRQn=true\:0\:0\:false\:false\:true\:false\:false
PD2.Signal=GPIO_Output
NVIC.USART1_IRQn=true\:0\:0\:false\:false\:true\:true\:true
RCC.APB1Freq_Value=42000000
PD1.Locked=true
PE2.GPIO_Label=BUZZER
ProjectManager.CustomerFirmwarePackage=
ProjectManager.DeviceId=STM32F407VGTx
PD2.GPIO_Label=UC_PWR
ProjectManager.LibraryCopy=1
PB4.Signal=SPI1_MISO
PB3.Locked=true
isbadioc=false
